
Microsoft Visual Studio Solution File, Format Version 12.00
# Visual Studio Version 17
VisualStudioVersion = 17.9.34728.123
MinimumVisualStudioVersion = 10.0.40219.1
Project("{9A19103F-16F7-4668-BE54-9A1E7A4F7556}") = "AwesomeRequestTracker", "AwesomeRequestTracker.csproj", "{75B9C19A-65D4-4605-AD50-DD93652E9041}"
EndProject
Project("{FAE04EC0-301F-11D3-BF4B-00C04F79EFBC}") = "AwesomeRequestTrackerTest", "..\AwesomeRequestTrackerTest\AwesomeRequestTrackerTest.csproj", "{4C406D22-7C3B-43EA-BEC9-7CE59FC14FBA}"
EndProject
Global
	GlobalSection(SolutionConfigurationPlatforms) = preSolution
		Debug|Any CPU = Debug|Any CPU
		Release|Any CPU = Release|Any CPU
	EndGlobalSection
	GlobalSection(ProjectConfigurationPlatforms) = postSolution
		{75B9C19A-65D4-4605-AD50-DD93652E9041}.Debug|Any CPU.ActiveCfg = Debug|Any CPU
		{75B9C19A-65D4-4605-AD50-DD93652E9041}.Debug|Any CPU.Build.0 = Debug|Any CPU
		{75B9C19A-65D4-4605-AD50-DD93652E9041}.Release|Any CPU.ActiveCfg = Release|Any CPU
		{75B9C19A-65D4-4605-AD50-DD93652E9041}.Release|Any CPU.Build.0 = Release|Any CPU
		{4C406D22-7C3B-43EA-BEC9-7CE59FC14FBA}.Debug|Any CPU.ActiveCfg = Debug|Any CPU
		{4C406D22-7C3B-43EA-BEC9-7CE59FC14FBA}.Debug|Any CPU.Build.0 = Debug|Any CPU
		{4C406D22-7C3B-43EA-BEC9-7CE59FC14FBA}.Release|Any CPU.ActiveCfg = Release|Any CPU
		{4C406D22-7C3B-43EA-BEC9-7CE59FC14FBA}.Release|Any CPU.Build.0 = Release|Any CPU
	EndGlobalSection
	GlobalSection(SolutionProperties) = preSolution
		HideSolutionNode = FALSE
	EndGlobalSection
	GlobalSection(ExtensibilityGlobals) = postSolution
		SolutionGuid = {AA202209-10E2-4B0B-A095-D26CA613BF0C}
	EndGlobalSection
EndGlobal
