
Microsoft Visual Studio Solution File, Format Version 12.00
# Visual Studio Version 17
VisualStudioVersion = 17.9.34723.18
MinimumVisualStudioVersion = 10.0.40219.1
Project("{9A19103F-16F7-4668-BE54-9A1E7A4F7556}") = "DoctorsAppointmentManager", "DoctorsAppointmentManager.csproj", "{9CEC1C09-B7A4-43BD-AF09-CEA9768E22ED}"
EndProject
Project("{9A19103F-16F7-4668-BE54-9A1E7A4F7556}") = "DoctorsAppointmentLibrary", "DoctorsAppointmentLibrary\DoctorsAppointmentLibrary.csproj", "{9262F16A-594D-47E9-ACE5-7ECEF46012AA}"
EndProject
Project("{9A19103F-16F7-4668-BE54-9A1E7A4F7556}") = "DoctorsAppointmentManagement.Tests", "..\DoctorsAppointmentManagementTest\DoctorsAppointmentManagement.Tests.csproj", "{C9B7A2D1-50AA-41A4-BB26-A6A1C167552E}"
EndProject
Global
	GlobalSection(SolutionConfigurationPlatforms) = preSolution
		Debug|Any CPU = Debug|Any CPU
		Release|Any CPU = Release|Any CPU
	EndGlobalSection
	GlobalSection(ProjectConfigurationPlatforms) = postSolution
		{9CEC1C09-B7A4-43BD-AF09-CEA9768E22ED}.Debug|Any CPU.ActiveCfg = Debug|Any CPU
		{9CEC1C09-B7A4-43BD-AF09-CEA9768E22ED}.Debug|Any CPU.Build.0 = Debug|Any CPU
		{9CEC1C09-B7A4-43BD-AF09-CEA9768E22ED}.Release|Any CPU.ActiveCfg = Release|Any CPU
		{9CEC1C09-B7A4-43BD-AF09-CEA9768E22ED}.Release|Any CPU.Build.0 = Release|Any CPU
		{9262F16A-594D-47E9-ACE5-7ECEF46012AA}.Debug|Any CPU.ActiveCfg = Debug|Any CPU
		{9262F16A-594D-47E9-ACE5-7ECEF46012AA}.Debug|Any CPU.Build.0 = Debug|Any CPU
		{9262F16A-594D-47E9-ACE5-7ECEF46012AA}.Release|Any CPU.ActiveCfg = Release|Any CPU
		{9262F16A-594D-47E9-ACE5-7ECEF46012AA}.Release|Any CPU.Build.0 = Release|Any CPU
		{C9B7A2D1-50AA-41A4-BB26-A6A1C167552E}.Debug|Any CPU.ActiveCfg = Debug|Any CPU
		{C9B7A2D1-50AA-41A4-BB26-A6A1C167552E}.Debug|Any CPU.Build.0 = Debug|Any CPU
		{C9B7A2D1-50AA-41A4-BB26-A6A1C167552E}.Release|Any CPU.ActiveCfg = Release|Any CPU
		{C9B7A2D1-50AA-41A4-BB26-A6A1C167552E}.Release|Any CPU.Build.0 = Release|Any CPU
	EndGlobalSection
	GlobalSection(SolutionProperties) = preSolution
		HideSolutionNode = FALSE
	EndGlobalSection
	GlobalSection(ExtensibilityGlobals) = postSolution
		SolutionGuid = {53F5CEC5-C8DA-4913-8A79-CDB02DBE4394}
	EndGlobalSection
EndGlobal
