
Microsoft Visual Studio Solution File, Format Version 12.00
# Visual Studio Version 17
VisualStudioVersion = 17.9.34723.18
MinimumVisualStudioVersion = 10.0.40219.1
Project("{FAE04EC0-301F-11D3-BF4B-00C04F79EFBC}") = "GreatestNum", "GreatestNum.csproj", "{FD65133C-1545-4A7B-9ADB-0DD5EEB9849F}"
EndProject
Global
	GlobalSection(SolutionConfigurationPlatforms) = preSolution
		Debug|Any CPU = Debug|Any CPU
		Release|Any CPU = Release|Any CPU
	EndGlobalSection
	GlobalSection(ProjectConfigurationPlatforms) = postSolution
		{FD65133C-1545-4A7B-9ADB-0DD5EEB9849F}.Debug|Any CPU.ActiveCfg = Debug|Any CPU
		{FD65133C-1545-4A7B-9ADB-0DD5EEB9849F}.Debug|Any CPU.Build.0 = Debug|Any CPU
		{FD65133C-1545-4A7B-9ADB-0DD5EEB9849F}.Release|Any CPU.ActiveCfg = Release|Any CPU
		{FD65133C-1545-4A7B-9ADB-0DD5EEB9849F}.Release|Any CPU.Build.0 = Release|Any CPU
	EndGlobalSection
	GlobalSection(SolutionProperties) = preSolution
		HideSolutionNode = FALSE
	EndGlobalSection
	GlobalSection(ExtensibilityGlobals) = postSolution
		SolutionGuid = {010565F2-25BE-4B71-9236-323CA81F803E}
	EndGlobalSection
EndGlobal
