
Microsoft Visual Studio Solution File, Format Version 12.00
# Visual Studio Version 17
VisualStudioVersion = 17.9.34723.18
MinimumVisualStudioVersion = 10.0.40219.1
Project("{9A19103F-16F7-4668-BE54-9A1E7A4F7556}") = "RequestTrackerApplication", "RequestTrackerApplication.csproj", "{8F27D1D8-7A17-435E-9BAC-8F613CD1C085}"
EndProject
Project("{FAE04EC0-301F-11D3-BF4B-00C04F79EFBC}") = "RequestTrackerModelLibrary", "..\RequestTrackerModelLibrary\RequestTrackerModelLibrary.csproj", "{49414AF7-466E-4808-9551-520218A7EB76}"
EndProject
Global
	GlobalSection(SolutionConfigurationPlatforms) = preSolution
		Debug|Any CPU = Debug|Any CPU
		Release|Any CPU = Release|Any CPU
	EndGlobalSection
	GlobalSection(ProjectConfigurationPlatforms) = postSolution
		{8F27D1D8-7A17-435E-9BAC-8F613CD1C085}.Debug|Any CPU.ActiveCfg = Debug|Any CPU
		{8F27D1D8-7A17-435E-9BAC-8F613CD1C085}.Debug|Any CPU.Build.0 = Debug|Any CPU
		{8F27D1D8-7A17-435E-9BAC-8F613CD1C085}.Release|Any CPU.ActiveCfg = Release|Any CPU
		{8F27D1D8-7A17-435E-9BAC-8F613CD1C085}.Release|Any CPU.Build.0 = Release|Any CPU
		{49414AF7-466E-4808-9551-520218A7EB76}.Debug|Any CPU.ActiveCfg = Debug|Any CPU
		{49414AF7-466E-4808-9551-520218A7EB76}.Debug|Any CPU.Build.0 = Debug|Any CPU
		{49414AF7-466E-4808-9551-520218A7EB76}.Release|Any CPU.ActiveCfg = Release|Any CPU
		{49414AF7-466E-4808-9551-520218A7EB76}.Release|Any CPU.Build.0 = Release|Any CPU
	EndGlobalSection
	GlobalSection(SolutionProperties) = preSolution
		HideSolutionNode = FALSE
	EndGlobalSection
	GlobalSection(ExtensibilityGlobals) = postSolution
		SolutionGuid = {DFA07D19-EFAF-4708-BC88-BA08C883BB5B}
	EndGlobalSection
EndGlobal
