
Microsoft Visual Studio Solution File, Format Version 12.00
# Visual Studio Version 17
VisualStudioVersion = 17.9.34728.123
MinimumVisualStudioVersion = 10.0.40219.1
Project("{FAE04EC0-301F-11D3-BF4B-00C04F79EFBC}") = "WebApiDockerService", "WebApiDockerService\WebApiDockerService.csproj", "{BA8FBE26-EFB6-4BB0-8441-AF4CF78E087A}"
EndProject
Global
	GlobalSection(SolutionConfigurationPlatforms) = preSolution
		Debug|Any CPU = Debug|Any CPU
		Release|Any CPU = Release|Any CPU
	EndGlobalSection
	GlobalSection(ProjectConfigurationPlatforms) = postSolution
		{BA8FBE26-EFB6-4BB0-8441-AF4CF78E087A}.Debug|Any CPU.ActiveCfg = Debug|Any CPU
		{BA8FBE26-EFB6-4BB0-8441-AF4CF78E087A}.Debug|Any CPU.Build.0 = Debug|Any CPU
		{BA8FBE26-EFB6-4BB0-8441-AF4CF78E087A}.Release|Any CPU.ActiveCfg = Release|Any CPU
		{BA8FBE26-EFB6-4BB0-8441-AF4CF78E087A}.Release|Any CPU.Build.0 = Release|Any CPU
	EndGlobalSection
	GlobalSection(SolutionProperties) = preSolution
		HideSolutionNode = FALSE
	EndGlobalSection
	GlobalSection(ExtensibilityGlobals) = postSolution
		SolutionGuid = {1C083DA2-BD0E-4624-9E5C-8D0B692585DF}
	EndGlobalSection
EndGlobal
