
Microsoft Visual Studio Solution File, Format Version 12.00
Project("{FAE04EC0-301F-11D3-BF4B-00C04F79EFBC}") = "BullAndCow", "BullAndCow.csproj", "{F79970F2-688F-4445-B2DD-C0D8A129F142}"
EndProject
Global
	GlobalSection(SolutionConfigurationPlatforms) = preSolution
		Debug|Any CPU = Debug|Any CPU
		Release|Any CPU = Release|Any CPU
	EndGlobalSection
	GlobalSection(ProjectConfigurationPlatforms) = postSolution
		{F79970F2-688F-4445-B2DD-C0D8A129F142}.Debug|Any CPU.ActiveCfg = Debug|Any CPU
		{F79970F2-688F-4445-B2DD-C0D8A129F142}.Debug|Any CPU.Build.0 = Debug|Any CPU
		{F79970F2-688F-4445-B2DD-C0D8A129F142}.Release|Any CPU.ActiveCfg = Release|Any CPU
		{F79970F2-688F-4445-B2DD-C0D8A129F142}.Release|Any CPU.Build.0 = Release|Any CPU
	EndGlobalSection
EndGlobal
