
Microsoft Visual Studio Solution File, Format Version 12.00
# Visual Studio Version 17
VisualStudioVersion = 17.9.34728.123
MinimumVisualStudioVersion = 10.0.40219.1
Project("{FAE04EC0-301F-11D3-BF4B-00C04F79EFBC}") = "LinqCheck", "LinqCheck.csproj", "{A9AF689B-70D1-4687-A6C2-55838996D47A}"
EndProject
Global
	GlobalSection(SolutionConfigurationPlatforms) = preSolution
		Debug|Any CPU = Debug|Any CPU
		Release|Any CPU = Release|Any CPU
	EndGlobalSection
	GlobalSection(ProjectConfigurationPlatforms) = postSolution
		{A9AF689B-70D1-4687-A6C2-55838996D47A}.Debug|Any CPU.ActiveCfg = Debug|Any CPU
		{A9AF689B-70D1-4687-A6C2-55838996D47A}.Debug|Any CPU.Build.0 = Debug|Any CPU
		{A9AF689B-70D1-4687-A6C2-55838996D47A}.Release|Any CPU.ActiveCfg = Release|Any CPU
		{A9AF689B-70D1-4687-A6C2-55838996D47A}.Release|Any CPU.Build.0 = Release|Any CPU
	EndGlobalSection
	GlobalSection(SolutionProperties) = preSolution
		HideSolutionNode = FALSE
	EndGlobalSection
	GlobalSection(ExtensibilityGlobals) = postSolution
		SolutionGuid = {BAAD709D-852D-4B22-BC75-428CAC2BC515}
	EndGlobalSection
EndGlobal
